// !$*UTF8*$!
{
	archiveVersion = 1;
	classes = {
	};
	objectVersion = 46;
	objects = {

/* Begin PBXBuildFile section */
		047269291DA76C1000C67D95 /* AppDelegate.swift in Sources */ = {isa = PBXBuildFile; fileRef = 047269281DA76C1000C67D95 /* AppDelegate.swift */; };
		0472692B1DA76C1000C67D95 /* ViewController.swift in Sources */ = {isa = PBXBuildFile; fileRef = 0472692A1DA76C1000C67D95 /* ViewController.swift */; };
		0472692E1DA76C1000C67D95 /* Main.storyboard in Resources */ = {isa = PBXBuildFile; fileRef = 0472692C1DA76C1000C67D95 /* Main.storyboard */; };
		047269301DA76C1000C67D95 /* Assets.xcassets in Resources */ = {isa = PBXBuildFile; fileRef = 0472692F1DA76C1000C67D95 /* Assets.xcassets */; };
		047269331DA76C1000C67D95 /* LaunchScreen.storyboard in Resources */ = {isa = PBXBuildFile; fileRef = 047269311DA76C1000C67D95 /* LaunchScreen.storyboard */; };
		0472696B1DA778A100C67D95 /* Firefly.framework in Frameworks */ = {isa = PBXBuildFile; fileRef = 0472696A1DA7787100C67D95 /* Firefly.framework */; };
/* End PBXBuildFile section */

/* Begin PBXContainerItemProxy section */
		047269691DA7787100C67D95 /* PBXContainerItemProxy */ = {
			isa = PBXContainerItemProxy;
			containerPortal = 047269651DA7787000C67D95 /* Firefly.xcodeproj */;
			proxyType = 2;
			remoteGlobalIDString = 047269111DA76B9900C67D95;
			remoteInfo = Firefly;
		};
/* End PBXContainerItemProxy section */

/* Begin PBXFileReference section */
		047269251DA76C1000C67D95 /* Firefly Example.app */ = {isa = PBXFileReference; explicitFileType = wrapper.application; includeInIndex = 0; path = "Firefly Example.app"; sourceTree = BUILT_PRODUCTS_DIR; };
		047269281DA76C1000C67D95 /* AppDelegate.swift */ = {isa = PBXFileReference; lastKnownFileType = sourcecode.swift; path = AppDelegate.swift; sourceTree = "<group>"; };
		0472692A1DA76C1000C67D95 /* ViewController.swift */ = {isa = PBXFileReference; lastKnownFileType = sourcecode.swift; path = ViewController.swift; sourceTree = "<group>"; };
		0472692D1DA76C1000C67D95 /* Base */ = {isa = PBXFileReference; lastKnownFileType = file.storyboard; name = Base; path = Base.lproj/Main.storyboard; sourceTree = "<group>"; };
		0472692F1DA76C1000C67D95 /* Assets.xcassets */ = {isa = PBXFileReference; lastKnownFileType = folder.assetcatalog; path = Assets.xcassets; sourceTree = "<group>"; };
		047269321DA76C1000C67D95 /* Base */ = {isa = PBXFileReference; lastKnownFileType = file.storyboard; name = Base; path = Base.lproj/LaunchScreen.storyboard; sourceTree = "<group>"; };
		047269341DA76C1000C67D95 /* Info.plist */ = {isa = PBXFileReference; lastKnownFileType = text.plist.xml; path = Info.plist; sourceTree = "<group>"; };
		047269651DA7787000C67D95 /* Firefly.xcodeproj */ = {isa = PBXFileReference; lastKnownFileType = "wrapper.pb-project"; name = Firefly.xcodeproj; path = ../../Firefly.xcodeproj; sourceTree = "<group>"; };
/* End PBXFileReference section */

/* Begin PBXFrameworksBuildPhase section */
		047269221DA76C1000C67D95 /* Frameworks */ = {
			isa = PBXFrameworksBuildPhase;
			buildActionMask = 2147483647;
			files = (
				0472696B1DA778A100C67D95 /* Firefly.framework in Frameworks */,
			);
			runOnlyForDeploymentPostprocessing = 0;
		};
/* End PBXFrameworksBuildPhase section */

/* Begin PBXGroup section */
		0472691C1DA76C1000C67D95 = {
			isa = PBXGroup;
			children = (
				047269271DA76C1000C67D95 /* Firefly Example */,
				047269261DA76C1000C67D95 /* Products */,
			);
			sourceTree = "<group>";
		};
		047269261DA76C1000C67D95 /* Products */ = {
			isa = PBXGroup;
			children = (
				047269251DA76C1000C67D95 /* Firefly Example.app */,
			);
			name = Products;
			sourceTree = "<group>";
		};
		047269271DA76C1000C67D95 /* Firefly Example */ = {
			isa = PBXGroup;
			children = (
				047269651DA7787000C67D95 /* Firefly.xcodeproj */,
				047269281DA76C1000C67D95 /* AppDelegate.swift */,
				0472692A1DA76C1000C67D95 /* ViewController.swift */,
				0472692C1DA76C1000C67D95 /* Main.storyboard */,
				0472692F1DA76C1000C67D95 /* Assets.xcassets */,
				047269311DA76C1000C67D95 /* LaunchScreen.storyboard */,
				047269341DA76C1000C67D95 /* Info.plist */,
			);
			path = "Firefly Example";
			sourceTree = "<group>";
		};
		047269661DA7787000C67D95 /* Products */ = {
			isa = PBXGroup;
			children = (
				0472696A1DA7787100C67D95 /* Firefly.framework */,
			);
			name = Products;
			sourceTree = "<group>";
		};
/* End PBXGroup section */

/* Begin PBXNativeTarget section */
		047269241DA76C1000C67D95 /* Firefly Example */ = {
			isa = PBXNativeTarget;
			buildConfigurationList = 047269371DA76C1000C67D95 /* Build configuration list for PBXNativeTarget "Firefly Example" */;
			buildPhases = (
				047269211DA76C1000C67D95 /* Sources */,
				047269221DA76C1000C67D95 /* Frameworks */,
				047269231DA76C1000C67D95 /* Resources */,
			);
			buildRules = (
			);
			dependencies = (
			);
			name = "Firefly Example";
			productName = "Firefly Example";
			productReference = 047269251DA76C1000C67D95 /* Firefly Example.app */;
			productType = "com.apple.product-type.application";
		};
/* End PBXNativeTarget section */

/* Begin PBXProject section */
		0472691D1DA76C1000C67D95 /* Project object */ = {
			isa = PBXProject;
			attributes = {
				LastSwiftUpdateCheck = 0800;
				LastUpgradeCheck = 0800;
				ORGANIZATIONNAME = hujewelz;
				TargetAttributes = {
					047269241DA76C1000C67D95 = {
						CreatedOnToolsVersion = 8.0;
						DevelopmentTeam = UA8U3Z7XU4;
						ProvisioningStyle = Automatic;
					};
				};
			};
			buildConfigurationList = 047269201DA76C1000C67D95 /* Build configuration list for PBXProject "Firefly Example" */;
			compatibilityVersion = "Xcode 3.2";
			developmentRegion = English;
			hasScannedForEncodings = 0;
			knownRegions = (
				en,
				Base,
			);
			mainGroup = 0472691C1DA76C1000C67D95;
			productRefGroup = 047269261DA76C1000C67D95 /* Products */;
			projectDirPath = "";
			projectReferences = (
				{
					ProductGroup = 047269661DA7787000C67D95 /* Products */;
					ProjectRef = 047269651DA7787000C67D95 /* Firefly.xcodeproj */;
				},
			);
			projectRoot = "";
			targets = (
				047269241DA76C1000C67D95 /* Firefly Example */,
			);
		};
/* End PBXProject section */

/* Begin PBXReferenceProxy section */
		0472696A1DA7787100C67D95 /* Firefly.framework */ = {
			isa = PBXReferenceProxy;
			fileType = wrapper.framework;
			path = Firefly.framework;
			remoteRef = 047269691DA7787100C67D95 /* PBXContainerItemProxy */;
			sourceTree = BUILT_PRODUCTS_DIR;
		};
/* End PBXReferenceProxy section */

/* Begin PBXResourcesBuildPhase section */
		047269231DA76C1000C67D95 /* Resources */ = {
			isa = PBXResourcesBuildPhase;
			buildActionMask = 2147483647;
			files = (
				047269331DA76C1000C67D95 /* LaunchScreen.storyboard in Resources */,
				047269301DA76C1000C67D95 /* Assets.xcassets in Resources */,
				0472692E1DA76C1000C67D95 /* Main.storyboard in Resources */,
			);
			runOnlyForDeploymentPostprocessing = 0;
		};
/* End PBXResourcesBuildPhase section */

/* Begin PBXSourcesBuildPhase section */
		047269211DA76C1000C67D95 /* Sources */ = {
			isa = PBXSourcesBuildPhase;
			buildActionMask = 2147483647;
			files = (
				0472692B1DA76C1000C67D95 /* ViewController.swift in Sources */,
				047269291DA76C1000C67D95 /* AppDelegate.swift in Sources */,
			);
			runOnlyForDeploymentPostprocessing = 0;
		};
/* End PBXSourcesBuildPhase section */

/* Begin PBXVariantGroup section */
		0472692C1DA76C1000C67D95 /* Main.storyboard */ = {
			isa = PBXVariantGroup;
			children = (
				0472692D1DA76C1000C67D95 /* Base */,
			);
			name = Main.storyboard;
			sourceTree = "<group>";
		};
		047269311DA76C1000C67D95 /* LaunchScreen.storyboard */ = {
			isa = PBXVariantGroup;
			children = (
				047269321DA76C1000C67D95 /* Base */,
			);
			name = LaunchScreen.storyboard;
			sourceTree = "<group>";
		};
/* End PBXVariantGroup section */

/* Begin XCBuildConfiguration section */
		047269351DA76C1000C67D95 /* Debug */ = {
			isa = XCBuildConfiguration;
			buildSettings = {
				ALWAYS_SEARCH_USER_PATHS = NO;
				CLANG_ANALYZER_NONNULL = YES;
				CLANG_CXX_LANGUAGE_STANDARD = "gnu++0x";
				CLANG_CXX_LIBRARY = "libc++";
				CLANG_ENABLE_MODULES = YES;
				CLANG_ENABLE_OBJC_ARC = YES;
				CLANG_WARN_BOOL_CONVERSION = YES;
				CLANG_WARN_CONSTANT_CONVERSION = YES;
				CLANG_WARN_DIRECT_OBJC_ISA_USAGE = YES_ERROR;
				CLANG_WARN_DOCUMENTATION_COMMENTS = YES;
				CLANG_WARN_EMPTY_BODY = YES;
				CLANG_WARN_ENUM_CONVERSION = YES;
				CLANG_WARN_INFINITE_RECURSION = YES;
				CLANG_WARN_INT_CONVERSION = YES;
				CLANG_WARN_OBJC_ROOT_CLASS = YES_ERROR;
				CLANG_WARN_SUSPICIOUS_MOVES = YES;
				CLANG_WARN_UNREACHABLE_CODE = YES;
				CLANG_WARN__DUPLICATE_METHOD_MATCH = YES;
				"CODE_SIGN_IDENTITY[sdk=iphoneos*]" = "iPhone Developer";
				COPY_PHASE_STRIP = NO;
				DEBUG_INFORMATION_FORMAT = dwarf;
				ENABLE_STRICT_OBJC_MSGSEND = YES;
				ENABLE_TESTABILITY = YES;
				GCC_C_LANGUAGE_STANDARD = gnu99;
				GCC_DYNAMIC_NO_PIC = NO;
				GCC_NO_COMMON_BLOCKS = YES;
				GCC_OPTIMIZATION_LEVEL = 0;
				GCC_PREPROCESSOR_DEFINITIONS = (
					"DEBUG=1",
					"$(inherited)",
				);
				GCC_WARN_64_TO_32_BIT_CONVERSION = YES;
				GCC_WARN_ABOUT_RETURN_TYPE = YES_ERROR;
				GCC_WARN_UNDECLARED_SELECTOR = YES;
				GCC_WARN_UNINITIALIZED_AUTOS = YES_AGGRESSIVE;
				GCC_WARN_UNUSED_FUNCTION = YES;
				GCC_WARN_UNUSED_VARIABLE = YES;
				IPHONEOS_DEPLOYMENT_TARGET = 10.0;
				MTL_ENABLE_DEBUG_INFO = YES;
				ONLY_ACTIVE_ARCH = YES;
				SDKROOT = iphoneos;
				SWIFT_ACTIVE_COMPILATION_CONDITIONS = DEBUG;
				SWIFT_OPTIMIZATION_LEVEL = "-Onone";
				TARGETED_DEVICE_FAMILY = "1,2";
			};
			name = Debug;
		};
		047269361DA76C1000C67D95 /* Release */ = {
			isa = XCBuildConfiguration;
			buildSettings = {
				ALWAYS_SEARCH_USER_PATHS = NO;
				CLANG_ANALYZER_NONNULL = YES;
				CLANG_CXX_LANGUAGE_STANDARD = "gnu++0x";
				CLANG_CXX_LIBRARY = "libc++";
				CLANG_ENABLE_MODULES = YES;
				CLANG_ENABLE_OBJC_ARC = YES;
				CLANG_WARN_BOOL_CONVERSION = YES;
				CLANG_WARN_CONSTANT_CONVERSION = YES;
				CLANG_WARN_DIRECT_OBJC_ISA_USAGE = YES_ERROR;
				CLANG_WARN_DOCUMENTATION_COMMENTS = YES;
				CLANG_WARN_EMPTY_BODY = YES;
				CLANG_WARN_ENUM_CONVERSION = YES;
				CLANG_WARN_INFINITE_RECURSION = YES;
				CLANG_WARN_INT_CONVERSION = YES;
				CLANG_WARN_OBJC_ROOT_CLASS = YES_ERROR;
				CLANG_WARN_SUSPICIOUS_MOVES = YES;
				CLANG_WARN_UNREACHABLE_CODE = YES;
				CLANG_WARN__DUPLICATE_METHOD_MATCH = YES;
				"CODE_SIGN_IDENTITY[sdk=iphoneos*]" = "iPhone Developer";
				COPY_PHASE_STRIP = NO;
				DEBUG_INFORMATION_FORMAT = "dwarf-with-dsym";
				ENABLE_NS_ASSERTIONS = NO;
				ENABLE_STRICT_OBJC_MSGSEND = YES;
				GCC_C_LANGUAGE_STANDARD = gnu99;
				GCC_NO_COMMON_BLOCKS = YES;
				GCC_WARN_64_TO_32_BIT_CONVERSION = YES;
				GCC_WARN_ABOUT_RETURN_TYPE = YES_ERROR;
				GCC_WARN_UNDECLARED_SELECTOR = YES;
				GCC_WARN_UNINITIALIZED_AUTOS = YES_AGGRESSIVE;
				GCC_WARN_UNUSED_FUNCTION = YES;
				GCC_WARN_UNUSED_VARIABLE = YES;
				IPHONEOS_DEPLOYMENT_TARGET = 10.0;
				MTL_ENABLE_DEBUG_INFO = NO;
				SDKROOT = iphoneos;
				SWIFT_OPTIMIZATION_LEVEL = "-Owholemodule";
				TARGETED_DEVICE_FAMILY = "1,2";
				VALIDATE_PRODUCT = YES;
			};
			name = Release;
		};
		047269381DA76C1000C67D95 /* Debug */ = {
			isa = XCBuildConfiguration;
			buildSettings = {
				ASSETCATALOG_COMPILER_APPICON_NAME = AppIcon;
				DEVELOPMENT_TEAM = UA8U3Z7XU4;
				INFOPLIST_FILE = "Firefly Example/Info.plist";
				LD_RUNPATH_SEARCH_PATHS = "$(inherited) @executable_path/Frameworks";
				PRODUCT_BUNDLE_IDENTIFIER = "com.hujewelz.Firefly-Example";
				PRODUCT_NAME = "$(TARGET_NAME)";
				SWIFT_VERSION = 3.0;
			};
			name = Debug;
		};
		047269391DA76C1000C67D95 /* Release */ = {
			isa = XCBuildConfiguration;
			buildSettings = {
				ASSETCATALOG_COMPILER_APPICON_NAME = AppIcon;
				DEVELOPMENT_TEAM = UA8U3Z7XU4;
				INFOPLIST_FILE = "Firefly Example/Info.plist";
				LD_RUNPATH_SEARCH_PATHS = "$(inherited) @executable_path/Frameworks";
				PRODUCT_BUNDLE_IDENTIFIER = "com.hujewelz.Firefly-Example";
				PRODUCT_NAME = "$(TARGET_NAME)";
				SWIFT_VERSION = 3.0;
			};
			name = Release;
		};
/* End XCBuildConfiguration section */

/* Begin XCConfigurationList section */
		047269201DA76C1000C67D95 /* Build configuration list for PBXProject "Firefly Example" */ = {
			isa = XCConfigurationList;
			buildConfigurations = (
				047269351DA76C1000C67D95 /* Debug */,
				047269361DA76C1000C67D95 /* Release */,
			);
			defaultConfigurationIsVisible = 0;
			defaultConfigurationName = Release;
		};
		047269371DA76C1000C67D95 /* Build configuration list for PBXNativeTarget "Firefly Example" */ = {
			isa = XCConfigurationList;
			buildConfigurations = (
				047269381DA76C1000C67D95 /* Debug */,
				047269391DA76C1000C67D95 /* Release */,
			);
			defaultConfigurationIsVisible = 0;
			defaultConfigurationName = Release;
		};
/* End XCConfigurationList section */
	};
	rootObject = 0472691D1DA76C1000C67D95 /* Project object */;
}
